
Microsoft Visual Studio Solution File, Format Version 12.00
# Visual Studio Version 17
VisualStudioVersion = 17.3.32819.101
MinimumVisualStudioVersion = 10.0.40219.1
Project("{FAE04EC0-301F-11D3-BF4B-00C04F79EFBC}") = "LibraryManagementSystem.Business", "LibraryManagementSystem.Business\LibraryManagementSystem.Business.csproj", "{944BF832-DFEB-432E-8B57-185349C8097A}"
EndProject
Project("{FAE04EC0-301F-11D3-BF4B-00C04F79EFBC}") = "LibraryManagementSystem.DataAccess", "LibraryManagementSystem.DataAccess\LibraryManagementSystem.DataAccess.csproj", "{87E6730A-5FE5-45E9-BCEC-D3D918D5A088}"
EndProject
Project("{FAE04EC0-301F-11D3-BF4B-00C04F79EFBC}") = "LibraryManagementSystem.Entities", "LibraryManagementSystem.Entities\LibraryManagementSystem.Entities.csproj", "{45168071-5D84-4F1A-B2B3-6B3F6949D890}"
EndProject
Project("{FAE04EC0-301F-11D3-BF4B-00C04F79EFBC}") = "LibraryManagementSystem.FormsUI", "LibraryManagementSystem.FormsUI\LibraryManagementSystem.FormsUI.csproj", "{1894C4D0-2566-4B60-8AE3-BA46BE385E15}"
EndProject
Project("{FAE04EC0-301F-11D3-BF4B-00C04F79EFBC}") = "LibraryManagementSystem.Core", "LibraryManagementSystem.Core\LibraryManagementSystem.Core.csproj", "{BBFCFDF0-C235-41C9-9E29-0E6263AF5949}"
EndProject
Project("{FAE04EC0-301F-11D3-BF4B-00C04F79EFBC}") = "LibraryManagementSystem.MVCWebUI", "LibraryManagementSystem.MVCWebUI\LibraryManagementSystem.MVCWebUI.csproj", "{B1BC842F-2F46-4BB8-BE89-BF0B5845BAA0}"
EndProject
Project("{FAE04EC0-301F-11D3-BF4B-00C04F79EFBC}") = "LibraryManagementSystem.WebAPI", "LibraryManagementSystem.WebAPI\LibraryManagementSystem.WebAPI.csproj", "{66039DBD-76F1-4614-B9BA-E03BBCB8014E}"
EndProject
Global
	GlobalSection(SolutionConfigurationPlatforms) = preSolution
		Debug|Any CPU = Debug|Any CPU
		Debug|x86 = Debug|x86
		Release|Any CPU = Release|Any CPU
		Release|x86 = Release|x86
	EndGlobalSection
	GlobalSection(ProjectConfigurationPlatforms) = postSolution
		{944BF832-DFEB-432E-8B57-185349C8097A}.Debug|Any CPU.ActiveCfg = Debug|Any CPU
		{944BF832-DFEB-432E-8B57-185349C8097A}.Debug|Any CPU.Build.0 = Debug|Any CPU
		{944BF832-DFEB-432E-8B57-185349C8097A}.Debug|x86.ActiveCfg = Debug|Any CPU
		{944BF832-DFEB-432E-8B57-185349C8097A}.Debug|x86.Build.0 = Debug|Any CPU
		{944BF832-DFEB-432E-8B57-185349C8097A}.Release|Any CPU.ActiveCfg = Release|Any CPU
		{944BF832-DFEB-432E-8B57-185349C8097A}.Release|Any CPU.Build.0 = Release|Any CPU
		{944BF832-DFEB-432E-8B57-185349C8097A}.Release|x86.ActiveCfg = Release|Any CPU
		{944BF832-DFEB-432E-8B57-185349C8097A}.Release|x86.Build.0 = Release|Any CPU
		{87E6730A-5FE5-45E9-BCEC-D3D918D5A088}.Debug|Any CPU.ActiveCfg = Debug|Any CPU
		{87E6730A-5FE5-45E9-BCEC-D3D918D5A088}.Debug|Any CPU.Build.0 = Debug|Any CPU
		{87E6730A-5FE5-45E9-BCEC-D3D918D5A088}.Debug|x86.ActiveCfg = Debug|Any CPU
		{87E6730A-5FE5-45E9-BCEC-D3D918D5A088}.Debug|x86.Build.0 = Debug|Any CPU
		{87E6730A-5FE5-45E9-BCEC-D3D918D5A088}.Release|Any CPU.ActiveCfg = Release|Any CPU
		{87E6730A-5FE5-45E9-BCEC-D3D918D5A088}.Release|Any CPU.Build.0 = Release|Any CPU
		{87E6730A-5FE5-45E9-BCEC-D3D918D5A088}.Release|x86.ActiveCfg = Release|Any CPU
		{87E6730A-5FE5-45E9-BCEC-D3D918D5A088}.Release|x86.Build.0 = Release|Any CPU
		{45168071-5D84-4F1A-B2B3-6B3F6949D890}.Debug|Any CPU.ActiveCfg = Debug|Any CPU
		{45168071-5D84-4F1A-B2B3-6B3F6949D890}.Debug|Any CPU.Build.0 = Debug|Any CPU
		{45168071-5D84-4F1A-B2B3-6B3F6949D890}.Debug|x86.ActiveCfg = Debug|Any CPU
		{45168071-5D84-4F1A-B2B3-6B3F6949D890}.Debug|x86.Build.0 = Debug|Any CPU
		{45168071-5D84-4F1A-B2B3-6B3F6949D890}.Release|Any CPU.ActiveCfg = Release|Any CPU
		{45168071-5D84-4F1A-B2B3-6B3F6949D890}.Release|Any CPU.Build.0 = Release|Any CPU
		{45168071-5D84-4F1A-B2B3-6B3F6949D890}.Release|x86.ActiveCfg = Release|Any CPU
		{45168071-5D84-4F1A-B2B3-6B3F6949D890}.Release|x86.Build.0 = Release|Any CPU
		{1894C4D0-2566-4B60-8AE3-BA46BE385E15}.Debug|Any CPU.ActiveCfg = Debug|Any CPU
		{1894C4D0-2566-4B60-8AE3-BA46BE385E15}.Debug|Any CPU.Build.0 = Debug|Any CPU
		{1894C4D0-2566-4B60-8AE3-BA46BE385E15}.Debug|x86.ActiveCfg = Debug|Any CPU
		{1894C4D0-2566-4B60-8AE3-BA46BE385E15}.Debug|x86.Build.0 = Debug|Any CPU
		{1894C4D0-2566-4B60-8AE3-BA46BE385E15}.Release|Any CPU.ActiveCfg = Release|Any CPU
		{1894C4D0-2566-4B60-8AE3-BA46BE385E15}.Release|Any CPU.Build.0 = Release|Any CPU
		{1894C4D0-2566-4B60-8AE3-BA46BE385E15}.Release|x86.ActiveCfg = Release|Any CPU
		{1894C4D0-2566-4B60-8AE3-BA46BE385E15}.Release|x86.Build.0 = Release|Any CPU
		{BBFCFDF0-C235-41C9-9E29-0E6263AF5949}.Debug|Any CPU.ActiveCfg = Debug|Any CPU
		{BBFCFDF0-C235-41C9-9E29-0E6263AF5949}.Debug|Any CPU.Build.0 = Debug|Any CPU
		{BBFCFDF0-C235-41C9-9E29-0E6263AF5949}.Debug|x86.ActiveCfg = Debug|Any CPU
		{BBFCFDF0-C235-41C9-9E29-0E6263AF5949}.Debug|x86.Build.0 = Debug|Any CPU
		{BBFCFDF0-C235-41C9-9E29-0E6263AF5949}.Release|Any CPU.ActiveCfg = Release|Any CPU
		{BBFCFDF0-C235-41C9-9E29-0E6263AF5949}.Release|Any CPU.Build.0 = Release|Any CPU
		{BBFCFDF0-C235-41C9-9E29-0E6263AF5949}.Release|x86.ActiveCfg = Release|Any CPU
		{BBFCFDF0-C235-41C9-9E29-0E6263AF5949}.Release|x86.Build.0 = Release|Any CPU
		{B1BC842F-2F46-4BB8-BE89-BF0B5845BAA0}.Debug|Any CPU.ActiveCfg = Debug|Any CPU
		{B1BC842F-2F46-4BB8-BE89-BF0B5845BAA0}.Debug|Any CPU.Build.0 = Debug|Any CPU
		{B1BC842F-2F46-4BB8-BE89-BF0B5845BAA0}.Debug|x86.ActiveCfg = Debug|Any CPU
		{B1BC842F-2F46-4BB8-BE89-BF0B5845BAA0}.Debug|x86.Build.0 = Debug|Any CPU
		{B1BC842F-2F46-4BB8-BE89-BF0B5845BAA0}.Release|Any CPU.ActiveCfg = Release|Any CPU
		{B1BC842F-2F46-4BB8-BE89-BF0B5845BAA0}.Release|Any CPU.Build.0 = Release|Any CPU
		{B1BC842F-2F46-4BB8-BE89-BF0B5845BAA0}.Release|x86.ActiveCfg = Release|Any CPU
		{B1BC842F-2F46-4BB8-BE89-BF0B5845BAA0}.Release|x86.Build.0 = Release|Any CPU
		{66039DBD-76F1-4614-B9BA-E03BBCB8014E}.Debug|Any CPU.ActiveCfg = Debug|Any CPU
		{66039DBD-76F1-4614-B9BA-E03BBCB8014E}.Debug|Any CPU.Build.0 = Debug|Any CPU
		{66039DBD-76F1-4614-B9BA-E03BBCB8014E}.Debug|x86.ActiveCfg = Debug|Any CPU
		{66039DBD-76F1-4614-B9BA-E03BBCB8014E}.Debug|x86.Build.0 = Debug|Any CPU
		{66039DBD-76F1-4614-B9BA-E03BBCB8014E}.Release|Any CPU.ActiveCfg = Release|Any CPU
		{66039DBD-76F1-4614-B9BA-E03BBCB8014E}.Release|Any CPU.Build.0 = Release|Any CPU
		{66039DBD-76F1-4614-B9BA-E03BBCB8014E}.Release|x86.ActiveCfg = Release|Any CPU
		{66039DBD-76F1-4614-B9BA-E03BBCB8014E}.Release|x86.Build.0 = Release|Any CPU
	EndGlobalSection
	GlobalSection(SolutionProperties) = preSolution
		HideSolutionNode = FALSE
	EndGlobalSection
	GlobalSection(ExtensibilityGlobals) = postSolution
		SolutionGuid = {2B06A628-6402-4315-B011-E7C437ABD816}
	EndGlobalSection
EndGlobal
